{
  "name": "ko-js",
  "version": "1.0.0",
  "lockfileVersion": 1,
  "requires": true,
  "dependencies": {
    "argparse": {
      "version": "1.0.10",
      "resolved": "https://registry.npmjs.org/argparse/-/argparse-1.0.10.tgz",
      "integrity": "sha512-o5Roy6tNG4SL/FOkCAN6RzjiakZS25RLYFrcMttJqbdd8BWrnA+fGz57iN5Pb06pvBGvl5gQ0B48dJlslXvoTg==",
      "requires": {
        "sprintf-js": "1.0.3"
      }
    },
    "async": {
      "version": "2.1.4",
      "resolved": "https://registry.npmjs.org/async/-/async-2.1.4.tgz",
      "integrity": "sha1-LSFgx3iAMuTdbL4lAvH5osj2zeQ=",
      "requires": {
        "lodash": "4.17.10"
      }
    },
    "balanced-match": {
      "version": "1.0.0",
      "resolved": "https://registry.npmjs.org/balanced-match/-/balanced-match-1.0.0.tgz",
      "integrity": "sha1-ibTRmasr7kneFk6gK4nORi1xt2c="
    },
    "bluebird": {
      "version": "3.5.0",
      "resolved": "https://registry.npmjs.org/bluebird/-/bluebird-3.5.0.tgz",
      "integrity": "sha1-eRQg1/VR7qKJdFOop3ZT+WYG1nw="
    },
    "brace-expansion": {
      "version": "1.1.11",
      "resolved": "https://registry.npmjs.org/brace-expansion/-/brace-expansion-1.1.11.tgz",
      "integrity": "sha512-iCuPHDFgrHX7H2vEI/5xpz07zSHB00TpugqhmYtVmMO6518mCuRMoOYFldEBl0g187ufozdaHgWKcYFb61qGiA==",
      "requires": {
        "balanced-match": "1.0.0",
        "concat-map": "0.0.1"
      }
    },
    "bson": {
      "version": "1.0.6",
      "resolved": "https://registry.npmjs.org/bson/-/bson-1.0.6.tgz",
      "integrity": "sha512-D8zmlb46xfuK2gGvKmUjIklQEouN2nQ0LEHHeZ/NoHM2LDiMk2EYzZ5Ntw/Urk+bgMDosOZxaRzXxvhI5TcAVQ=="
    },
    "concat-map": {
      "version": "0.0.1",
      "resolved": "https://registry.npmjs.org/concat-map/-/concat-map-0.0.1.tgz",
      "integrity": "sha1-2Klr13/Wjfd5OnMDajug1UBdR3s="
    },
    "config": {
      "version": "1.30.0",
      "resolved": "https://registry.npmjs.org/config/-/config-1.30.0.tgz",
      "integrity": "sha1-HWCp81NIoTwXV5jThOgaWhbDum4=",
      "requires": {
        "json5": "0.4.0",
        "os-homedir": "1.0.2"
      }
    },
    "debug": {
      "version": "2.6.9",
      "resolved": "https://registry.npmjs.org/debug/-/debug-2.6.9.tgz",
      "integrity": "sha512-bC7ElrdJaJnPbAP+1EotYvqZsb3ecl5wi6Bfi6BJTUcNowp6cvspg0jXznRTKDjm/E7AdgFBVeAPVMNcKGsHMA==",
      "requires": {
        "ms": "2.0.0"
      }
    },
    "esprima": {
      "version": "4.0.0",
      "resolved": "https://registry.npmjs.org/esprima/-/esprima-4.0.0.tgz",
      "integrity": "sha512-oftTcaMu/EGrEIu904mWteKIv8vMuOgGYo7EhVJJN00R/EED9DCua/xxHRdYnKtcECzVg7xOWhflvJMnqcFZjw=="
    },
    "fs.realpath": {
      "version": "1.0.0",
      "resolved": "https://registry.npmjs.org/fs.realpath/-/fs.realpath-1.0.0.tgz",
      "integrity": "sha1-FQStJSMVjKpA20onh8sBQRmU6k8="
    },
    "glob": {
      "version": "7.1.2",
      "resolved": "https://registry.npmjs.org/glob/-/glob-7.1.2.tgz",
      "integrity": "sha512-MJTUg1kjuLeQCJ+ccE4Vpa6kKVXkPYJ2mOCQyUuKLcLQsdrMCpBPUi8qVE6+YuaJkozeA9NusTAw3hLr8Xe5EQ==",
      "requires": {
        "fs.realpath": "1.0.0",
        "inflight": "1.0.6",
        "inherits": "2.0.3",
        "minimatch": "3.0.4",
        "once": "1.4.0",
        "path-is-absolute": "1.0.1"
      }
    },
    "inflight": {
      "version": "1.0.6",
      "resolved": "https://registry.npmjs.org/inflight/-/inflight-1.0.6.tgz",
      "integrity": "sha1-Sb1jMdfQLQwJvJEKEHW6gWW1bfk=",
      "requires": {
        "once": "1.4.0",
        "wrappy": "1.0.2"
      }
    },
    "inherits": {
      "version": "2.0.3",
      "resolved": "https://registry.npmjs.org/inherits/-/inherits-2.0.3.tgz",
      "integrity": "sha1-Yzwsg+PaQqUC9SRmAiSA9CCCYd4="
    },
    "js-yaml": {
      "version": "3.11.0",
      "resolved": "https://registry.npmjs.org/js-yaml/-/js-yaml-3.11.0.tgz",
      "integrity": "sha512-saJstZWv7oNeOyBh3+Dx1qWzhW0+e6/8eDzo7p5rDFqxntSztloLtuKu+Ejhtq82jsilwOIZYsCz+lIjthg1Hw==",
      "requires": {
        "argparse": "1.0.10",
        "esprima": "4.0.0"
      }
    },
    "json5": {
      "version": "0.4.0",
      "resolved": "https://registry.npmjs.org/json5/-/json5-0.4.0.tgz",
      "integrity": "sha1-BUNS5MTIDIbAkjh31EneF2pzLI0="
    },
    "kareem": {
      "version": "2.0.7",
      "resolved": "https://registry.npmjs.org/kareem/-/kareem-2.0.7.tgz",
      "integrity": "sha512-p8+lEpsNs4N0fvNOC1/zzDO0wDrD3Pb1G+OwfIG+gKVK3MyY5jeaGYh+9Qx6jb4fEG2b3E6U98vaE9MH7Gilsw=="
    },
    "lodash": {
      "version": "4.17.10",
      "resolved": "https://registry.npmjs.org/lodash/-/lodash-4.17.10.tgz",
      "integrity": "sha512-UejweD1pDoXu+AD825lWwp4ZGtSwgnpZxb3JDViD7StjQz+Nb/6l093lx4OQ0foGWNRoc19mWy7BzL+UAK2iVg=="
    },
    "lodash.get": {
      "version": "4.4.2",
      "resolved": "https://registry.npmjs.org/lodash.get/-/lodash.get-4.4.2.tgz",
      "integrity": "sha1-LRd/ZS+jHpObRDjVNBSZ36OCXpk="
    },
    "minimatch": {
      "version": "3.0.4",
      "resolved": "https://registry.npmjs.org/minimatch/-/minimatch-3.0.4.tgz",
      "integrity": "sha512-yJHVQEhyqPLUTgt9B83PXu6W3rx4MvvHvSUvToogpwoGDOUQ+yDrR0HRot+yOCdCO7u4hX3pWft6kWBBcqh0UA==",
      "requires": {
        "brace-expansion": "1.1.11"
      }
    },
    "mongodb": {
      "version": "3.0.8",
      "resolved": "https://registry.npmjs.org/mongodb/-/mongodb-3.0.8.tgz",
      "integrity": "sha512-mj7yIUyAr9xnO2ev8pcVJ9uX7gSum5LLs1qIFoWLxA5Il50+jcojKtaO1/TbexsScZ9Poz00Pc3b86GiSqJ7WA==",
      "requires": {
        "mongodb-core": "3.0.8"
      }
    },
    "mongodb-core": {
      "version": "3.0.8",
      "resolved": "https://registry.npmjs.org/mongodb-core/-/mongodb-core-3.0.8.tgz",
      "integrity": "sha512-dFxfhH9N7ohuQnINyIl6dqEF8sYOE0WKuymrFf3L3cipJNrx+S8rAbNOTwa00/fuJCjBMJNFsaA+R2N16//UIw==",
      "requires": {
        "bson": "1.0.6",
        "require_optional": "1.0.1"
      }
    },
    "mongoose": {
      "version": "5.1.1",
      "resolved": "https://registry.npmjs.org/mongoose/-/mongoose-5.1.1.tgz",
      "integrity": "sha512-pmVX//61yX8hV/Db790Cym8CGYd29OYQROYx6ve6ab4LbUW0+GehiBVDlnE9Tvogaz8nndHlVUb+iXwOBw/MNw==",
      "requires": {
        "async": "2.1.4",
        "bson": "1.0.6",
        "kareem": "2.0.7",
        "lodash.get": "4.4.2",
        "mongodb": "3.0.8",
        "mongoose-legacy-pluralize": "1.0.2",
        "mpath": "0.4.1",
        "mquery": "3.0.0",
        "ms": "2.0.0",
        "regexp-clone": "0.0.1",
        "sliced": "1.0.1"
      }
    },
    "mongoose-legacy-pluralize": {
      "version": "1.0.2",
      "resolved": "https://registry.npmjs.org/mongoose-legacy-pluralize/-/mongoose-legacy-pluralize-1.0.2.tgz",
      "integrity": "sha512-Yo/7qQU4/EyIS8YDFSeenIvXxZN+ld7YdV9LqFVQJzTLye8unujAWPZ4NWKfFA+RNjh+wvTWKY9Z3E5XM6ZZiQ=="
    },
    "mpath": {
      "version": "0.4.1",
      "resolved": "https://registry.npmjs.org/mpath/-/mpath-0.4.1.tgz",
      "integrity": "sha512-NNY/MpBkALb9jJmjpBlIi6GRoLveLUM0pJzgbp9vY9F7IQEb/HREC/nxrixechcQwd1NevOhJnWWV8QQQRE+OA=="
    },
    "mquery": {
      "version": "3.0.0",
      "resolved": "https://registry.npmjs.org/mquery/-/mquery-3.0.0.tgz",
      "integrity": "sha512-WL1Lk8v4l8VFSSwN3yCzY9TXw+fKVYKn6f+w86TRzOLSE8k1yTgGaLBPUByJQi8VcLbOdnUneFV/y3Kv874pnQ==",
      "requires": {
        "bluebird": "3.5.0",
        "debug": "2.6.9",
        "regexp-clone": "0.0.1",
        "sliced": "0.0.5"
      },
      "dependencies": {
        "sliced": {
          "version": "0.0.5",
          "resolved": "https://registry.npmjs.org/sliced/-/sliced-0.0.5.tgz",
          "integrity": "sha1-XtwETKTrb3gW1Qui/GPiXY/kcH8="
        }
      }
    },
    "ms": {
      "version": "2.0.0",
      "resolved": "https://registry.npmjs.org/ms/-/ms-2.0.0.tgz",
      "integrity": "sha1-VgiurfwAvmwpAd9fmGF4jeDVl8g="
    },
    "once": {
      "version": "1.4.0",
      "resolved": "https://registry.npmjs.org/once/-/once-1.4.0.tgz",
      "integrity": "sha1-WDsap3WWHUsROsF9nFC6753Xa9E=",
      "requires": {
        "wrappy": "1.0.2"
      }
    },
    "os-homedir": {
      "version": "1.0.2",
      "resolved": "https://registry.npmjs.org/os-homedir/-/os-homedir-1.0.2.tgz",
      "integrity": "sha1-/7xJiDNuDoM94MFox+8VISGqf7M="
    },
    "path-is-absolute": {
      "version": "1.0.1",
      "resolved": "https://registry.npmjs.org/path-is-absolute/-/path-is-absolute-1.0.1.tgz",
      "integrity": "sha1-F0uSaHNVNP+8es5r9TpanhtcX18="
    },
    "regexp-clone": {
      "version": "0.0.1",
      "resolved": "https://registry.npmjs.org/regexp-clone/-/regexp-clone-0.0.1.tgz",
      "integrity": "sha1-p8LgmJH9vzj7sQ03b7cwA+aKxYk="
    },
    "require_optional": {
      "version": "1.0.1",
      "resolved": "https://registry.npmjs.org/require_optional/-/require_optional-1.0.1.tgz",
      "integrity": "sha512-qhM/y57enGWHAe3v/NcwML6a3/vfESLe/sGM2dII+gEO0BpKRUkWZow/tyloNqJyN6kXSl3RyyM8Ll5D/sJP8g==",
      "requires": {
        "resolve-from": "2.0.0",
        "semver": "5.5.0"
      }
    },
    "resolve-from": {
      "version": "2.0.0",
      "resolved": "https://registry.npmjs.org/resolve-from/-/resolve-from-2.0.0.tgz",
      "integrity": "sha1-lICrIOlP+h2egKgEx+oUdhGWa1c="
    },
    "semver": {
      "version": "5.5.0",
      "resolved": "https://registry.npmjs.org/semver/-/semver-5.5.0.tgz",
      "integrity": "sha512-4SJ3dm0WAwWy/NVeioZh5AntkdJoWKxHxcmyP622fOkgHa4z3R0TdBJICINyaSDE6uNwVc8gZr+ZinwZAH4xIA=="
    },
    "sliced": {
      "version": "1.0.1",
      "resolved": "https://registry.npmjs.org/sliced/-/sliced-1.0.1.tgz",
      "integrity": "sha1-CzpmK10Ewxd7GSa+qCsD+Dei70E="
    },
    "sprintf-js": {
      "version": "1.0.3",
      "resolved": "https://registry.npmjs.org/sprintf-js/-/sprintf-js-1.0.3.tgz",
      "integrity": "sha1-BOaSb2YolTVPPdAVIDYzuFcpfiw="
    },
    "wrappy": {
      "version": "1.0.2",
      "resolved": "https://registry.npmjs.org/wrappy/-/wrappy-1.0.2.tgz",
      "integrity": "sha1-tSQ9jz7BqjXxNkYFvA0QNuMKtp8="
    }
  }
}
